{
  "name": "jet-itinerary-renderer",
  "version": "0.0.1",
  "lockfileVersion": 3,
  "requires": true,
  "packages": {
    "": {
      "name": "jet-itinerary-renderer",
      "version": "0.0.1",
      "dependencies": {
        "@fontsource/allura": "^5.2.8",
        "@fontsource/cormorant-garamond": "^5.2.11",
        "@fontsource/dm-serif-display": "^5.2.8",
        "@fontsource/italianno": "^5.2.8",
        "@fontsource/montserrat": "^5.2.8",
        "@fontsource/playfair-display": "^5.2.8",
        "playwright": "^1.56.1"
      }
    },
    "node_modules/@fontsource/allura": {
      "version": "5.2.8",
      "resolved": "https://registry.npmjs.org/@fontsource/allura/-/allura-5.2.8.tgz",
      "integrity": "sha512-NzYZyYj/nET124bL0RfNDRdO2IXG+lhS5AzrwqpBHmovWznJ56t9u3w+RYR4iMa+WuCB6XFE6NTOQ4JzvCOq0A==",
      "license": "OFL-1.1",
      "funding": {
        "url": "https://github.com/sponsors/ayuhito"
      }
    },
    "node_modules/@fontsource/cormorant-garamond": {
      "version": "5.2.11",
      "resolved": "https://registry.npmjs.org/@fontsource/cormorant-garamond/-/cormorant-garamond-5.2.11.tgz",
      "integrity": "sha512-5JjpN023lhA5soijgVT0BdRGzmlijm402ppjccMd6h+vRE0mX2lJnE+41UPfnlidrkV9/rCo1mf58WZlHnB0CA==",
      "license": "OFL-1.1",
      "funding": {
        "url": "https://github.com/sponsors/ayuhito"
      }
    },
    "node_modules/@fontsource/dm-serif-display": {
      "version": "5.2.8",
      "resolved": "https://registry.npmjs.org/@fontsource/dm-serif-display/-/dm-serif-display-5.2.8.tgz",
      "integrity": "sha512-GYSDSlGU6vyhv9a5MwaiVNf9HCuSVpK8hEFRyG4NNDHCDeHiX7YHDAcWsaoLKKcfXLgWG9YkBkk9T3SxM4rAjQ==",
      "license": "OFL-1.1",
      "funding": {
        "url": "https://github.com/sponsors/ayuhito"
      }
    },
    "node_modules/@fontsource/italianno": {
      "version": "5.2.8",
      "resolved": "https://registry.npmjs.org/@fontsource/italianno/-/italianno-5.2.8.tgz",
      "integrity": "sha512-nhbL7dNXF+JY4WTkXqMqZZMPPAR+a2ejBrDNwprsO1N+1I0yThnTgm1n5+9DNXsInmRPNj06YvslznKs36tj4g==",
      "license": "OFL-1.1",
      "funding": {
        "url": "https://github.com/sponsors/ayuhito"
      }
    },
    "node_modules/@fontsource/montserrat": {
      "version": "5.2.8",
      "resolved": "https://registry.npmjs.org/@fontsource/montserrat/-/montserrat-5.2.8.tgz",
      "integrity": "sha512-xTjLxSbSfCycDB0pwmNsfNvdfWPaDaRQ2LC6yt/ZI7SdvXG52zHnzNYC/09mzuAuWNJyShkteutfCoDgym56hQ==",
      "license": "OFL-1.1",
      "funding": {
        "url": "https://github.com/sponsors/ayuhito"
      }
    },
    "node_modules/@fontsource/playfair-display": {
      "version": "5.2.8",
      "resolved": "https://registry.npmjs.org/@fontsource/playfair-display/-/playfair-display-5.2.8.tgz",
      "integrity": "sha512-fUEhib70SszNhQVsGbUMSsWJhr7Je0rdeuZdtGpDNu0GKF1xJM8QhpI/y0pckU25GcChXm9TLOmeZupkvvZo2g==",
      "license": "OFL-1.1",
      "funding": {
        "url": "https://github.com/sponsors/ayuhito"
      }
    },
    "node_modules/fsevents": {
      "version": "2.3.2",
      "resolved": "https://registry.npmjs.org/fsevents/-/fsevents-2.3.2.tgz",
      "integrity": "sha512-xiqMQR4xAeHTuB9uWm+fFRcIOgKBMiOBP+eXiyT7jsgVCq1bkVygt00oASowB7EdtpOHaaPgKt812P9ab+DDKA==",
      "hasInstallScript": true,
      "license": "MIT",
      "optional": true,
      "os": [
        "darwin"
      ],
      "engines": {
        "node": "^8.16.0 || ^10.6.0 || >=11.0.0"
      }
    },
    "node_modules/playwright": {
      "version": "1.59.1",
      "resolved": "https://registry.npmjs.org/playwright/-/playwright-1.59.1.tgz",
      "integrity": "sha512-C8oWjPR3F81yljW9o5OxcWzfh6avkVwDD2VYdwIGqTkl+OGFISgypqzfu7dOe4QNLL2aqcWBmI3PMtLIK233lw==",
      "license": "Apache-2.0",
      "dependencies": {
        "playwright-core": "1.59.1"
      },
      "bin": {
        "playwright": "cli.js"
      },
      "engines": {
        "node": ">=18"
      },
      "optionalDependencies": {
        "fsevents": "2.3.2"
      }
    },
    "node_modules/playwright-core": {
      "version": "1.59.1",
      "resolved": "https://registry.npmjs.org/playwright-core/-/playwright-core-1.59.1.tgz",
      "integrity": "sha512-HBV/RJg81z5BiiZ9yPzIiClYV/QMsDCKUyogwH9p3MCP6IYjUFu/MActgYAvK0oWyV9NlwM3GLBjADyWgydVyg==",
      "license": "Apache-2.0",
      "bin": {
        "playwright-core": "cli.js"
      },
      "engines": {
        "node": ">=18"
      }
    }
  }
}
